
Microsoft Visual Studio Solution File, Format Version 12.00
# Visual Studio 15
VisualStudioVersion = 15.0.28307.329
MinimumVisualStudioVersion = 10.0.40219.1
Project("{FAE04EC0-301F-11D3-BF4B-00C04F79EFBC}") = "Discord Cache Cleaner", "Discord Cache Cleaner\Discord Cache Cleaner.csproj", "{F7F22E9D-16C9-4ACF-B731-41E9CAA1ACDF}"
EndProject
Global
	GlobalSection(SolutionConfigurationPlatforms) = preSolution
		Debug|Any CPU = Debug|Any CPU
		Release|Any CPU = Release|Any CPU
	EndGlobalSection
	GlobalSection(ProjectConfigurationPlatforms) = postSolution
		{F7F22E9D-16C9-4ACF-B731-41E9CAA1ACDF}.Debug|Any CPU.ActiveCfg = Debug|Any CPU
		{F7F22E9D-16C9-4ACF-B731-41E9CAA1ACDF}.Debug|Any CPU.Build.0 = Debug|Any CPU
		{F7F22E9D-16C9-4ACF-B731-41E9CAA1ACDF}.Release|Any CPU.ActiveCfg = Release|Any CPU
		{F7F22E9D-16C9-4ACF-B731-41E9CAA1ACDF}.Release|Any CPU.Build.0 = Release|Any CPU
	EndGlobalSection
	GlobalSection(SolutionProperties) = preSolution
		HideSolutionNode = FALSE
	EndGlobalSection
	GlobalSection(ExtensibilityGlobals) = postSolution
		SolutionGuid = {7FF0D08D-F101-41F9-8252-542E39DC189A}
	EndGlobalSection
EndGlobal
